
Microsoft Visual Studio Solution File, Format Version 12.00
# Visual Studio Version 17
VisualStudioVersion = 17.4.33213.308
MinimumVisualStudioVersion = 10.0.40219.1
Project("{FAE04EC0-301F-11D3-BF4B-00C04F79EFBC}") = "CsharpBasis", "CsharpBasis\CsharpBasis.csproj", "{6EAB2F2F-49D5-4CF8-90B7-661914CE477F}"
EndProject
Global
	GlobalSection(SolutionConfigurationPlatforms) = preSolution
		Debug|Any CPU = Debug|Any CPU
		Release|Any CPU = Release|Any CPU
	EndGlobalSection
	GlobalSection(ProjectConfigurationPlatforms) = postSolution
		{6EAB2F2F-49D5-4CF8-90B7-661914CE477F}.Debug|Any CPU.ActiveCfg = Debug|Any CPU
		{6EAB2F2F-49D5-4CF8-90B7-661914CE477F}.Debug|Any CPU.Build.0 = Debug|Any CPU
		{6EAB2F2F-49D5-4CF8-90B7-661914CE477F}.Release|Any CPU.ActiveCfg = Release|Any CPU
		{6EAB2F2F-49D5-4CF8-90B7-661914CE477F}.Release|Any CPU.Build.0 = Release|Any CPU
	EndGlobalSection
	GlobalSection(SolutionProperties) = preSolution
		HideSolutionNode = FALSE
	EndGlobalSection
	GlobalSection(ExtensibilityGlobals) = postSolution
		SolutionGuid = {EC6DF620-E455-4D54-8E46-30F4C9D9ECB4}
	EndGlobalSection
EndGlobal
